
Microsoft Visual Studio Solution File, Format Version 12.00
# Visual Studio Version 17
VisualStudioVersion = 17.7.34031.279
MinimumVisualStudioVersion = 10.0.40219.1
Project("{FAE04EC0-301F-11D3-BF4B-00C04F79EFBC}") = "Factorial processor", "Factorial processor\Factorial processor.csproj", "{A16ECA50-EFAD-4F20-86A4-41946658D4BE}"
EndProject
Global
	GlobalSection(SolutionConfigurationPlatforms) = preSolution
		Debug|Any CPU = Debug|Any CPU
		Release|Any CPU = Release|Any CPU
	EndGlobalSection
	GlobalSection(ProjectConfigurationPlatforms) = postSolution
		{A16ECA50-EFAD-4F20-86A4-41946658D4BE}.Debug|Any CPU.ActiveCfg = Debug|Any CPU
		{A16ECA50-EFAD-4F20-86A4-41946658D4BE}.Debug|Any CPU.Build.0 = Debug|Any CPU
		{A16ECA50-EFAD-4F20-86A4-41946658D4BE}.Release|Any CPU.ActiveCfg = Release|Any CPU
		{A16ECA50-EFAD-4F20-86A4-41946658D4BE}.Release|Any CPU.Build.0 = Release|Any CPU
	EndGlobalSection
	GlobalSection(SolutionProperties) = preSolution
		HideSolutionNode = FALSE
	EndGlobalSection
	GlobalSection(ExtensibilityGlobals) = postSolution
		SolutionGuid = {3F82E766-E20C-4241-8CB0-5AB8F3F18EEA}
	EndGlobalSection
EndGlobal
